{
  "name": "4-http",
  "version": "1.0.0",
  "lockfileVersion": 2,
  "requires": true,
  "packages": {
    "": {
      "name": "4-http",
      "version": "1.0.0",
      "license": "ISC",
      "dependencies": {
        "4-http": "^1.0.0"
      }
    },
    "node_modules/4-http": {
      "version": "1.0.0",
      "resolved": "https://registry.npmjs.org/4-http/-/4-http-1.0.0.tgz",
      "integrity": "sha512-yhCN2WZ6VrK7UuaFkOeCDeXYRUh07i+K8OoPMOFOoTQ0tvlkDJ2I1uo2djBnpiZGWqlxkx5ow9nO0JAaSsQSZQ=="
    }
  },
  "dependencies": {
    "4-http": {
      "version": "1.0.0",
      "resolved": "https://registry.npmjs.org/4-http/-/4-http-1.0.0.tgz",
      "integrity": "sha512-yhCN2WZ6VrK7UuaFkOeCDeXYRUh07i+K8OoPMOFOoTQ0tvlkDJ2I1uo2djBnpiZGWqlxkx5ow9nO0JAaSsQSZQ=="
    }
  }
}
